
Microsoft Visual Studio Solution File, Format Version 12.00
# Visual Studio Version 17
VisualStudioVersion = 17.8.34330.188
MinimumVisualStudioVersion = 10.0.40219.1
Project("{FAE04EC0-301F-11D3-BF4B-00C04F79EFBC}") = "TcpLientPratice", "TcpLientPratice.csproj", "{1FB41234-19E1-4CC1-B45E-17F200ADC18B}"
EndProject
Global
	GlobalSection(SolutionConfigurationPlatforms) = preSolution
		Debug|Any CPU = Debug|Any CPU
		Release|Any CPU = Release|Any CPU
	EndGlobalSection
	GlobalSection(ProjectConfigurationPlatforms) = postSolution
		{1FB41234-19E1-4CC1-B45E-17F200ADC18B}.Debug|Any CPU.ActiveCfg = Debug|Any CPU
		{1FB41234-19E1-4CC1-B45E-17F200ADC18B}.Debug|Any CPU.Build.0 = Debug|Any CPU
		{1FB41234-19E1-4CC1-B45E-17F200ADC18B}.Release|Any CPU.ActiveCfg = Release|Any CPU
		{1FB41234-19E1-4CC1-B45E-17F200ADC18B}.Release|Any CPU.Build.0 = Release|Any CPU
	EndGlobalSection
	GlobalSection(SolutionProperties) = preSolution
		HideSolutionNode = FALSE
	EndGlobalSection
	GlobalSection(ExtensibilityGlobals) = postSolution
		SolutionGuid = {8A001C5A-FDD6-45A2-9042-8F0487CE0680}
	EndGlobalSection
EndGlobal
