
Microsoft Visual Studio Solution File, Format Version 12.00
# Visual Studio Version 17
VisualStudioVersion = 17.8.34330.188
MinimumVisualStudioVersion = 10.0.40219.1
Project("{FAE04EC0-301F-11D3-BF4B-00C04F79EFBC}") = "Pratice3Server", "Pratice3Server.csproj", "{820E2547-79F1-45B1-B25C-3A400BF96585}"
EndProject
Global
	GlobalSection(SolutionConfigurationPlatforms) = preSolution
		Debug|Any CPU = Debug|Any CPU
		Release|Any CPU = Release|Any CPU
	EndGlobalSection
	GlobalSection(ProjectConfigurationPlatforms) = postSolution
		{820E2547-79F1-45B1-B25C-3A400BF96585}.Debug|Any CPU.ActiveCfg = Debug|Any CPU
		{820E2547-79F1-45B1-B25C-3A400BF96585}.Debug|Any CPU.Build.0 = Debug|Any CPU
		{820E2547-79F1-45B1-B25C-3A400BF96585}.Release|Any CPU.ActiveCfg = Release|Any CPU
		{820E2547-79F1-45B1-B25C-3A400BF96585}.Release|Any CPU.Build.0 = Release|Any CPU
	EndGlobalSection
	GlobalSection(SolutionProperties) = preSolution
		HideSolutionNode = FALSE
	EndGlobalSection
	GlobalSection(ExtensibilityGlobals) = postSolution
		SolutionGuid = {371F40DC-E468-409A-BAA4-ACAAAA6729A0}
	EndGlobalSection
EndGlobal
